{
  "lockfileVersion": 1,
  "workspaces": {
    "": {
      "name": "nibiru/sai-trading",
      "dependencies": {
        "@uniquedivine/bash": "0.0.2",
        "@uniquedivine/jiyuu": "^0.0.2",
      },
      "devDependencies": {
        "@ianvs/prettier-plugin-sort-imports": "^4.7.0",
        "@types/bun": "latest",
      },
      "peerDependencies": {
        "typescript": "^5",
      },
    },
  },
  "packages": {
    "@babel/code-frame": ["@babel/code-frame@7.27.1", "", { "dependencies": { "@babel/helper-validator-identifier": "^7.27.1", "js-tokens": "^4.0.0", "picocolors": "^1.1.1" } }, "sha512-cjQ7ZlQ0Mv3b47hABuTevyTuYN4i+loJKGeV9flcCgIK37cCXRh+L1bd3iBHlynerhQ7BhCkn2BPbQUL+rGqFg=="],

    "@babel/generator": ["@babel/generator@7.28.5", "", { "dependencies": { "@babel/parser": "^7.28.5", "@babel/types": "^7.28.5", "@jridgewell/gen-mapping": "^0.3.12", "@jridgewell/trace-mapping": "^0.3.28", "jsesc": "^3.0.2" } }, "sha512-3EwLFhZ38J4VyIP6WNtt2kUdW9dokXA9Cr4IVIFHuCpZ3H8/YFOl5JjZHisrn1fATPBmKKqXzDFvh9fUwHz6CQ=="],

    "@babel/helper-globals": ["@babel/helper-globals@7.28.0", "", {}, "sha512-+W6cISkXFa1jXsDEdYA8HeevQT/FULhxzR99pxphltZcVaugps53THCeiWA8SguxxpSp3gKPiuYfSWopkLQ4hw=="],

    "@babel/helper-string-parser": ["@babel/helper-string-parser@7.27.1", "", {}, "sha512-qMlSxKbpRlAridDExk92nSobyDdpPijUq2DW6oDnUqd0iOGxmQjyqhMIihI9+zv4LPyZdRje2cavWPbCbWm3eA=="],

    "@babel/helper-validator-identifier": ["@babel/helper-validator-identifier@7.28.5", "", {}, "sha512-qSs4ifwzKJSV39ucNjsvc6WVHs6b7S03sOh2OcHF9UHfVPqWWALUsNUVzhSBiItjRZoLHx7nIarVjqKVusUZ1Q=="],

    "@babel/parser": ["@babel/parser@7.28.5", "", { "dependencies": { "@babel/types": "^7.28.5" }, "bin": "./bin/babel-parser.js" }, "sha512-KKBU1VGYR7ORr3At5HAtUQ+TV3SzRCXmA/8OdDZiLDBIZxVyzXuztPjfLd3BV1PRAQGCMWWSHYhL0F8d5uHBDQ=="],

    "@babel/template": ["@babel/template@7.27.2", "", { "dependencies": { "@babel/code-frame": "^7.27.1", "@babel/parser": "^7.27.2", "@babel/types": "^7.27.1" } }, "sha512-LPDZ85aEJyYSd18/DkjNh4/y1ntkE5KwUHWTiqgRxruuZL2F1yuHligVHLvcHY2vMHXttKFpJn6LwfI7cw7ODw=="],

    "@babel/traverse": ["@babel/traverse@7.28.5", "", { "dependencies": { "@babel/code-frame": "^7.27.1", "@babel/generator": "^7.28.5", "@babel/helper-globals": "^7.28.0", "@babel/parser": "^7.28.5", "@babel/template": "^7.27.2", "@babel/types": "^7.28.5", "debug": "^4.3.1" } }, "sha512-TCCj4t55U90khlYkVV/0TfkJkAkUg3jZFA3Neb7unZT8CPok7iiRfaX0F+WnqWqt7OxhOn0uBKXCw4lbL8W0aQ=="],

    "@babel/types": ["@babel/types@7.28.5", "", { "dependencies": { "@babel/helper-string-parser": "^7.27.1", "@babel/helper-validator-identifier": "^7.28.5" } }, "sha512-qQ5m48eI/MFLQ5PxQj4PFaprjyCTLI37ElWMmNs0K8Lk3dVeOdNpB3ks8jc7yM5CDmVC73eMVk/trk3fgmrUpA=="],

    "@ianvs/prettier-plugin-sort-imports": ["@ianvs/prettier-plugin-sort-imports@4.7.0", "", { "dependencies": { "@babel/generator": "^7.26.2", "@babel/parser": "^7.26.2", "@babel/traverse": "^7.25.9", "@babel/types": "^7.26.0", "semver": "^7.5.2" }, "peerDependencies": { "@prettier/plugin-oxc": "^0.0.4", "@vue/compiler-sfc": "2.7.x || 3.x", "content-tag": "^4.0.0", "prettier": "2 || 3 || ^4.0.0-0", "prettier-plugin-ember-template-tag": "^2.1.0" }, "optionalPeers": ["@prettier/plugin-oxc", "@vue/compiler-sfc", "content-tag", "prettier-plugin-ember-template-tag"] }, "sha512-soa2bPUJAFruLL4z/CnMfSEKGznm5ebz29fIa9PxYtu8HHyLKNE1NXAs6dylfw1jn/ilEIfO2oLLN6uAafb7DA=="],

    "@jridgewell/gen-mapping": ["@jridgewell/gen-mapping@0.3.13", "", { "dependencies": { "@jridgewell/sourcemap-codec": "^1.5.0", "@jridgewell/trace-mapping": "^0.3.24" } }, "sha512-2kkt/7niJ6MgEPxF0bYdQ6etZaA+fQvDcLKckhy1yIQOzaoKjBBjSj63/aLVjYE3qhRt5dvM+uUyfCg6UKCBbA=="],

    "@jridgewell/resolve-uri": ["@jridgewell/resolve-uri@3.1.2", "", {}, "sha512-bRISgCIjP20/tbWSPWMEi54QVPRZExkuD9lJL+UIxUKtwVJA8wW1Trb1jMs1RFXo1CBTNZ/5hpC9QvmKWdopKw=="],

    "@jridgewell/sourcemap-codec": ["@jridgewell/sourcemap-codec@1.5.5", "", {}, "sha512-cYQ9310grqxueWbl+WuIUIaiUaDcj7WOq5fVhEljNVgRfOUhY9fy2zTvfoqWsnebh8Sl70VScFbICvJnLKB0Og=="],

    "@jridgewell/trace-mapping": ["@jridgewell/trace-mapping@0.3.31", "", { "dependencies": { "@jridgewell/resolve-uri": "^3.1.0", "@jridgewell/sourcemap-codec": "^1.4.14" } }, "sha512-zzNR+SdQSDJzc8joaeP8QQoCQr8NuYx2dIIytl1QeBEZHJ9uW6hebsrYgbz8hJwUQao3TWCMtmfV8Nu1twOLAw=="],

    "@oven/bun-darwin-aarch64": ["@oven/bun-darwin-aarch64@1.3.1", "", { "os": "darwin", "cpu": "arm64" }, "sha512-7Rap1BHNWqgnexc4wLjjdZeVRQKtk534iGuJ7qZ42i/q1B+cxJZ6zSnrFsYmo+zreH7dUyUXL3AHuXGrl2772Q=="],

    "@oven/bun-darwin-x64": ["@oven/bun-darwin-x64@1.3.1", "", { "os": "darwin", "cpu": "x64" }, "sha512-wpqmgT/8w+tEr5YMGt1u1sEAMRHhyA2SKZddC6GCPasHxSqkCWOPQvYIHIApnTsoSsxhxP0x6Cpe93+4c7hq/w=="],

    "@oven/bun-darwin-x64-baseline": ["@oven/bun-darwin-x64-baseline@1.3.1", "", { "os": "darwin", "cpu": "x64" }, "sha512-mJo715WvwEHmJ6khNymWyxi0QrFzU94wolsUmxolViNHrk+2ugzIkVIJhTnxf7pHnarxxHwyJ/kgatuV//QILQ=="],

    "@oven/bun-linux-aarch64": ["@oven/bun-linux-aarch64@1.3.1", "", { "os": "linux", "cpu": "arm64" }, "sha512-ACn038SZL8del+sFnqCjf+haGB02//j2Ez491IMmPTvbv4a/D0iiNz9xiIB3ICbQd3EwQzi+Ut/om3Ba/KoHbQ=="],

    "@oven/bun-linux-aarch64-musl": ["@oven/bun-linux-aarch64-musl@1.3.1", "", { "os": "linux", "cpu": "arm64" }, "sha512-gKU3Wv3BTG5VMjqMMnRwqU6tipCveE9oyYNt62efy6cQK3Vo1DOBwY2SmjbFw+yzj+Um20YoFOLGxghfQET4Ng=="],

    "@oven/bun-linux-x64": ["@oven/bun-linux-x64@1.3.1", "", { "os": "linux", "cpu": "x64" }, "sha512-cAUeM3I5CIYlu5Ur52eCOGg9yfqibQd4lzt9G1/rA0ajqcnCBaTuekhUDZETJJf5H9QV+Gm46CqQg2DpdJzJsw=="],

    "@oven/bun-linux-x64-baseline": ["@oven/bun-linux-x64-baseline@1.3.1", "", { "os": "linux", "cpu": "x64" }, "sha512-7+2aCrL81mtltZQbKdiPB58UL+Gr3DAIuPyUAKm0Ib/KG/Z8t7nD/eSMRY/q6b+NsAjYnVPiPwqSjC3edpMmmQ=="],

    "@oven/bun-linux-x64-musl": ["@oven/bun-linux-x64-musl@1.3.1", "", { "os": "linux", "cpu": "x64" }, "sha512-8AgEAHyuJ5Jm9MUo1L53K1SRYu0bNGqV0E0L5rB5DjkteO4GXrnWGBT8qsuwuy7WMuCMY3bj64/pFjlRkZuiXw=="],

    "@oven/bun-linux-x64-musl-baseline": ["@oven/bun-linux-x64-musl-baseline@1.3.1", "", { "os": "linux", "cpu": "x64" }, "sha512-tP0WWcAqrMayvkggOHBGBoyyoK+QHAqgRUyj1F6x5/udiqc9vCXmIt1tlydxYV/NvyvUAmJ7MWT0af44Xm2kJw=="],

    "@oven/bun-windows-x64": ["@oven/bun-windows-x64@1.3.1", "", { "os": "win32", "cpu": "x64" }, "sha512-xdUjOZRq6PwPbbz4/F2QEMLBZwintGp7AS50cWxgkHnyp7Omz5eJfV6/vWtN4qwZIyR3V3DT/2oXsY1+7p3rtg=="],

    "@oven/bun-windows-x64-baseline": ["@oven/bun-windows-x64-baseline@1.3.1", "", { "os": "win32", "cpu": "x64" }, "sha512-dcA+Kj7hGFrY3G8NWyYf3Lj3/GMViknpttWUf5pI6p6RphltZaoDu0lY5Lr71PkMdRZTwL2NnZopa/x/NWCdKA=="],

    "@types/bun": ["@types/bun@1.3.1", "", { "dependencies": { "bun-types": "1.3.1" } }, "sha512-4jNMk2/K9YJtfqwoAa28c8wK+T7nvJFOjxI4h/7sORWcypRNxBpr+TPNaCfVWq70tLCJsqoFwcf0oI0JU/fvMQ=="],

    "@types/node": ["@types/node@24.10.0", "", { "dependencies": { "undici-types": "~7.16.0" } }, "sha512-qzQZRBqkFsYyaSWXuEHc2WR9c0a0CXwiE5FWUvn7ZM+vdy1uZLfCunD38UzhuB7YN/J11ndbDBcTmOdxJo9Q7A=="],

    "@types/react": ["@types/react@19.2.2", "", { "dependencies": { "csstype": "^3.0.2" } }, "sha512-6mDvHUFSjyT2B2yeNx2nUgMxh9LtOWvkhIU3uePn2I2oyNymUAX1NIsdgviM4CH+JSrp2D2hsMvJOkxY+0wNRA=="],

    "@uniquedivine/bash": ["@uniquedivine/bash@0.0.2", "", { "dependencies": { "bun": "^1.2.5" }, "peerDependencies": { "typescript": "^5.0.0" } }, "sha512-7qmPd+2E85+6y1h+fKQYBFsG1KT28+J8TNjcBc57syV3nMwFd5KR23BrMfRg/MIN8z6fg07sOqu8fme2SF/iVw=="],

    "@uniquedivine/jiyuu": ["@uniquedivine/jiyuu@0.0.2", "", { "peerDependencies": { "typescript": "^5.0.0" } }, "sha512-8cvOL6GjVyPvmFslUFS72YKebbdfkbPrcUhwrtanxA7BujttQHU8BPVipelqq5V2/ENb3A0/0LQzZ2X8KCRxSA=="],

    "bun": ["bun@1.3.1", "", { "optionalDependencies": { "@oven/bun-darwin-aarch64": "1.3.1", "@oven/bun-darwin-x64": "1.3.1", "@oven/bun-darwin-x64-baseline": "1.3.1", "@oven/bun-linux-aarch64": "1.3.1", "@oven/bun-linux-aarch64-musl": "1.3.1", "@oven/bun-linux-x64": "1.3.1", "@oven/bun-linux-x64-baseline": "1.3.1", "@oven/bun-linux-x64-musl": "1.3.1", "@oven/bun-linux-x64-musl-baseline": "1.3.1", "@oven/bun-windows-x64": "1.3.1", "@oven/bun-windows-x64-baseline": "1.3.1" }, "os": [ "linux", "win32", "darwin", ], "cpu": [ "x64", "arm64", ], "bin": { "bun": "bin/bun.exe", "bunx": "bin/bunx.exe" } }, "sha512-enqkEb0RhNOgDzHQwv7uvnIhX3uSzmKzz779dL7kdH8SauyTdQvCz4O1UT2rU0UldQp2K9OlrJNdyDHayPEIvw=="],

    "bun-types": ["bun-types@1.3.1", "", { "dependencies": { "@types/node": "*" }, "peerDependencies": { "@types/react": "^19" } }, "sha512-NMrcy7smratanWJ2mMXdpatalovtxVggkj11bScuWuiOoXTiKIu2eVS1/7qbyI/4yHedtsn175n4Sm4JcdHLXw=="],

    "csstype": ["csstype@3.1.3", "", {}, "sha512-M1uQkMl8rQK/szD0LNhtqxIPLpimGm8sOBwU7lLnCpSbTyY3yeU1Vc7l4KT5zT4s/yOxHH5O7tIuuLOCnLADRw=="],

    "debug": ["debug@4.4.3", "", { "dependencies": { "ms": "^2.1.3" } }, "sha512-RGwwWnwQvkVfavKVt22FGLw+xYSdzARwm0ru6DhTVA3umU5hZc28V3kO4stgYryrTlLpuvgI9GiijltAjNbcqA=="],

    "js-tokens": ["js-tokens@4.0.0", "", {}, "sha512-RdJUflcE3cUzKiMqQgsCu06FPu9UdIJO0beYbPhHN4k6apgJtifcoCtT9bcxOpYBtpD2kCM6Sbzg4CausW/PKQ=="],

    "jsesc": ["jsesc@3.1.0", "", { "bin": { "jsesc": "bin/jsesc" } }, "sha512-/sM3dO2FOzXjKQhJuo0Q173wf2KOo8t4I8vHy6lF9poUp7bKT0/NHE8fPX23PwfhnykfqnC2xRxOnVw5XuGIaA=="],

    "ms": ["ms@2.1.3", "", {}, "sha512-6FlzubTLZG3J2a/NVCAleEhjzq5oxgHyaCU9yYXvcLsvoVaHJq/s5xXI6/XXP6tz7R9xAOtHnSO/tXtF3WRTlA=="],

    "picocolors": ["picocolors@1.1.1", "", {}, "sha512-xceH2snhtb5M9liqDsmEw56le376mTZkEX/jEb/RxNFyegNul7eNslCXP9FDj/Lcu0X8KEyMceP2ntpaHrDEVA=="],

    "prettier": ["prettier@3.6.2", "", { "bin": { "prettier": "bin/prettier.cjs" } }, "sha512-I7AIg5boAr5R0FFtJ6rCfD+LFsWHp81dolrFD8S79U9tb8Az2nGrJncnMSnys+bpQJfRUzqs9hnA81OAA3hCuQ=="],

    "semver": ["semver@7.7.3", "", { "bin": { "semver": "bin/semver.js" } }, "sha512-SdsKMrI9TdgjdweUSR9MweHA4EJ8YxHn8DFaDisvhVlUOe4BF1tLD7GAj0lIqWVl+dPb/rExr0Btby5loQm20Q=="],

    "typescript": ["typescript@5.9.3", "", { "bin": { "tsc": "bin/tsc", "tsserver": "bin/tsserver" } }, "sha512-jl1vZzPDinLr9eUt3J/t7V6FgNEw9QjvBPdysz9KfQDD41fQrC2Y4vKQdiaUpFT4bXlb1RHhLpp8wtm6M5TgSw=="],

    "undici-types": ["undici-types@7.16.0", "", {}, "sha512-Zz+aZWSj8LE6zoxD+xrjh4VfkIG8Ya6LvYkZqtUQGJPZjYl53ypCaUwWqo7eI0x66KBGeRo+mlBEkMSeSZ38Nw=="],
  }
}
