lockfileVersion: '9.0'

settings:
  autoInstallPeers: true
  excludeLinksFromLockfile: false

importers:

  .:
    dependencies:
      '@uniquedivine/bash':
        specifier: 0.0.2
        version: 0.0.2(typescript@5.9.3)
      '@uniquedivine/jiyuu':
        specifier: ^0.0.2
        version: 0.0.2(typescript@5.9.3)
      just-install:
        specifier: ^2.0.2
        version: 2.0.2
      typescript:
        specifier: ^5
        version: 5.9.3
    devDependencies:
      '@ianvs/prettier-plugin-sort-imports':
        specifier: ^4.7.0
        version: 4.7.0(prettier@3.6.2)
      '@types/bun':
        specifier: latest
        version: 1.3.2(@types/react@19.2.5)

packages:

  '@babel/code-frame@7.27.1':
    resolution: {integrity: sha512-cjQ7ZlQ0Mv3b47hABuTevyTuYN4i+loJKGeV9flcCgIK37cCXRh+L1bd3iBHlynerhQ7BhCkn2BPbQUL+rGqFg==}
    engines: {node: '>=6.9.0'}

  '@babel/generator@7.28.5':
    resolution: {integrity: sha512-3EwLFhZ38J4VyIP6WNtt2kUdW9dokXA9Cr4IVIFHuCpZ3H8/YFOl5JjZHisrn1fATPBmKKqXzDFvh9fUwHz6CQ==}
    engines: {node: '>=6.9.0'}

  '@babel/helper-globals@7.28.0':
    resolution: {integrity: sha512-+W6cISkXFa1jXsDEdYA8HeevQT/FULhxzR99pxphltZcVaugps53THCeiWA8SguxxpSp3gKPiuYfSWopkLQ4hw==}
    engines: {node: '>=6.9.0'}

  '@babel/helper-string-parser@7.27.1':
    resolution: {integrity: sha512-qMlSxKbpRlAridDExk92nSobyDdpPijUq2DW6oDnUqd0iOGxmQjyqhMIihI9+zv4LPyZdRje2cavWPbCbWm3eA==}
    engines: {node: '>=6.9.0'}

  '@babel/helper-validator-identifier@7.28.5':
    resolution: {integrity: sha512-qSs4ifwzKJSV39ucNjsvc6WVHs6b7S03sOh2OcHF9UHfVPqWWALUsNUVzhSBiItjRZoLHx7nIarVjqKVusUZ1Q==}
    engines: {node: '>=6.9.0'}

  '@babel/parser@7.28.5':
    resolution: {integrity: sha512-KKBU1VGYR7ORr3At5HAtUQ+TV3SzRCXmA/8OdDZiLDBIZxVyzXuztPjfLd3BV1PRAQGCMWWSHYhL0F8d5uHBDQ==}
    engines: {node: '>=6.0.0'}
    hasBin: true

  '@babel/template@7.27.2':
    resolution: {integrity: sha512-LPDZ85aEJyYSd18/DkjNh4/y1ntkE5KwUHWTiqgRxruuZL2F1yuHligVHLvcHY2vMHXttKFpJn6LwfI7cw7ODw==}
    engines: {node: '>=6.9.0'}

  '@babel/traverse@7.28.5':
    resolution: {integrity: sha512-TCCj4t55U90khlYkVV/0TfkJkAkUg3jZFA3Neb7unZT8CPok7iiRfaX0F+WnqWqt7OxhOn0uBKXCw4lbL8W0aQ==}
    engines: {node: '>=6.9.0'}

  '@babel/types@7.28.5':
    resolution: {integrity: sha512-qQ5m48eI/MFLQ5PxQj4PFaprjyCTLI37ElWMmNs0K8Lk3dVeOdNpB3ks8jc7yM5CDmVC73eMVk/trk3fgmrUpA==}
    engines: {node: '>=6.9.0'}

  '@ianvs/prettier-plugin-sort-imports@4.7.0':
    resolution: {integrity: sha512-soa2bPUJAFruLL4z/CnMfSEKGznm5ebz29fIa9PxYtu8HHyLKNE1NXAs6dylfw1jn/ilEIfO2oLLN6uAafb7DA==}
    peerDependencies:
      '@prettier/plugin-oxc': ^0.0.4
      '@vue/compiler-sfc': 2.7.x || 3.x
      content-tag: ^4.0.0
      prettier: 2 || 3 || ^4.0.0-0
      prettier-plugin-ember-template-tag: ^2.1.0
    peerDependenciesMeta:
      '@prettier/plugin-oxc':
        optional: true
      '@vue/compiler-sfc':
        optional: true
      content-tag:
        optional: true
      prettier-plugin-ember-template-tag:
        optional: true

  '@jridgewell/gen-mapping@0.3.13':
    resolution: {integrity: sha512-2kkt/7niJ6MgEPxF0bYdQ6etZaA+fQvDcLKckhy1yIQOzaoKjBBjSj63/aLVjYE3qhRt5dvM+uUyfCg6UKCBbA==}

  '@jridgewell/resolve-uri@3.1.2':
    resolution: {integrity: sha512-bRISgCIjP20/tbWSPWMEi54QVPRZExkuD9lJL+UIxUKtwVJA8wW1Trb1jMs1RFXo1CBTNZ/5hpC9QvmKWdopKw==}
    engines: {node: '>=6.0.0'}

  '@jridgewell/sourcemap-codec@1.5.5':
    resolution: {integrity: sha512-cYQ9310grqxueWbl+WuIUIaiUaDcj7WOq5fVhEljNVgRfOUhY9fy2zTvfoqWsnebh8Sl70VScFbICvJnLKB0Og==}

  '@jridgewell/trace-mapping@0.3.31':
    resolution: {integrity: sha512-zzNR+SdQSDJzc8joaeP8QQoCQr8NuYx2dIIytl1QeBEZHJ9uW6hebsrYgbz8hJwUQao3TWCMtmfV8Nu1twOLAw==}

  '@oven/bun-darwin-aarch64@1.3.2':
    resolution: {integrity: sha512-licBDIbbLP5L5/S0+bwtJynso94XD3KyqSP48K59Sq7Mude6C7dR5ZujZm4Ut4BwZqUFfNOfYNMWBU5nlL7t1A==}
    cpu: [arm64]
    os: [darwin]

  '@oven/bun-darwin-x64-baseline@1.3.2':
    resolution: {integrity: sha512-UHxdtbyxdtNJUNcXtIrjx3Lmq8ji3KywlXtIHV/0vn9A8W5mulqOcryqUWMFVH9JTIIzmNn6Q/qVmXHTME63Ww==}
    cpu: [x64]
    os: [darwin]

  '@oven/bun-darwin-x64@1.3.2':
    resolution: {integrity: sha512-hn8lLzsYyyh6ULo2E8v2SqtrWOkdQKJwapeVy1rDw7juTTeHY3KDudGWf4mVYteC9riZU6HD88Fn3nGwyX0eIg==}
    cpu: [x64]
    os: [darwin]

  '@oven/bun-linux-aarch64-musl@1.3.2':
    resolution: {integrity: sha512-OD9DYkjes7WXieBn4zQZGXWhRVZhIEWMDGCetZ3H4vxIuweZ++iul/CNX5jdpNXaJ17myb1ROMvmRbrqW44j3w==}
    cpu: [arm64]
    os: [linux]

  '@oven/bun-linux-aarch64@1.3.2':
    resolution: {integrity: sha512-5uZzxzvHU/z+3cZwN/A0H8G+enQ+9FkeJVZkE2fwK2XhiJZFUGAuWajCpy7GepvOWlqV7VjPaKi2+Qmr4IX7nQ==}
    cpu: [arm64]
    os: [linux]

  '@oven/bun-linux-x64-baseline@1.3.2':
    resolution: {integrity: sha512-m9Ov9YH8KjRLui87eNtQQFKVnjGsNk3xgbrR9c8d2FS3NfZSxmVjSeBvEsDjzNf1TXLDriHb/NYOlpiMf/QzDg==}
    cpu: [x64]
    os: [linux]

  '@oven/bun-linux-x64-musl-baseline@1.3.2':
    resolution: {integrity: sha512-q8Hto8hcpofPJjvuvjuwyYvhOaAzPw1F5vRUUeOJDmDwZ4lZhANFM0rUwchMzfWUJCD6jg8/EVQ8MiixnZWU0A==}
    cpu: [x64]
    os: [linux]

  '@oven/bun-linux-x64-musl@1.3.2':
    resolution: {integrity: sha512-3TuOsRVoG8K+soQWRo+Cp5ACpRs6rTFSu5tAqc/6WrqwbNWmqjov/eWJPTgz3gPXnC7uNKVG7RxxAmV8r2EYTQ==}
    cpu: [x64]
    os: [linux]

  '@oven/bun-linux-x64@1.3.2':
    resolution: {integrity: sha512-EoEuRP9bxAxVKuvi6tZ0ZENjueP4lvjz0mKsMzdG0kwg/2apGKiirH1l0RIcdmvfDGGuDmNiv/XBpkoXq1x8ug==}
    cpu: [x64]
    os: [linux]

  '@oven/bun-windows-x64-baseline@1.3.2':
    resolution: {integrity: sha512-s00T99MjB+xLOWq+t+wVaVBrry+oBOZNiTJijt+bmkp/MJptYS3FGvs7a+nkjLNzoNDoWQcXgKew6AaHES37Bg==}
    cpu: [x64]
    os: [win32]

  '@oven/bun-windows-x64@1.3.2':
    resolution: {integrity: sha512-nZJUa5NprPYQ4Ii4cMwtP9PzlJJTp1XhxJ+A9eSn1Jfr6YygVWyN2KLjenyI93IcuBouBAaepDAVZZjH2lFBhg==}
    cpu: [x64]
    os: [win32]

  '@types/bun@1.3.2':
    resolution: {integrity: sha512-t15P7k5UIgHKkxwnMNkJbWlh/617rkDGEdSsDbu+qNHTaz9SKf7aC8fiIlUdD5RPpH6GEkP0cK7WlvmrEBRtWg==}

  '@types/node@24.10.1':
    resolution: {integrity: sha512-GNWcUTRBgIRJD5zj+Tq0fKOJ5XZajIiBroOF0yvj2bSU1WvNdYS/dn9UxwsujGW4JX06dnHyjV2y9rRaybH0iQ==}

  '@types/react@19.2.5':
    resolution: {integrity: sha512-keKxkZMqnDicuvFoJbzrhbtdLSPhj/rZThDlKWCDbgXmUg0rEUFtRssDXKYmtXluZlIqiC5VqkCgRwzuyLHKHw==}

  '@types/yauzl@2.10.3':
    resolution: {integrity: sha512-oJoftv0LSuaDZE3Le4DbKX+KS9G36NzOeSap90UIK0yMA/NhKJhqlSGtNDORNRaIbQfzjXDrQa0ytJ6mNRGz/Q==}

  '@uniquedivine/bash@0.0.2':
    resolution: {integrity: sha512-7qmPd+2E85+6y1h+fKQYBFsG1KT28+J8TNjcBc57syV3nMwFd5KR23BrMfRg/MIN8z6fg07sOqu8fme2SF/iVw==}
    peerDependencies:
      typescript: ^5.0.0

  '@uniquedivine/jiyuu@0.0.2':
    resolution: {integrity: sha512-8cvOL6GjVyPvmFslUFS72YKebbdfkbPrcUhwrtanxA7BujttQHU8BPVipelqq5V2/ENb3A0/0LQzZ2X8KCRxSA==}
    engines: {bun: '>=1.0.0'}
    peerDependencies:
      typescript: ^5.0.0

  buffer-crc32@0.2.13:
    resolution: {integrity: sha512-VO9Ht/+p3SN7SKWqcrgEzjGbRSJYTx+Q1pTQC0wrWqHx0vpJraQ6GtHx8tvcg1rlK1byhU5gccxgOgj7B0TDkQ==}

  bun-types@1.3.2:
    resolution: {integrity: sha512-i/Gln4tbzKNuxP70OWhJRZz1MRfvqExowP7U6JKoI8cntFrtxg7RJK3jvz7wQW54UuvNC8tbKHHri5fy74FVqg==}
    peerDependencies:
      '@types/react': ^19

  bun@1.3.2:
    resolution: {integrity: sha512-x75mPJiEfhO1j4Tfc65+PtW6ZyrAB6yTZInydnjDZXF9u9PRAnr6OK3v0Q9dpDl0dxRHkXlYvJ8tteJxc8t4Sw==}
    cpu: [arm64, x64]
    os: [darwin, linux, win32]
    hasBin: true

  csstype@3.2.2:
    resolution: {integrity: sha512-D80T+tiqkd/8B0xNlbstWDG4x6aqVfO52+OlSUNIdkTvmNw0uQpJLeos2J/2XvpyidAFuTPmpad+tUxLndwj6g==}

  data-uri-to-buffer@4.0.1:
    resolution: {integrity: sha512-0R9ikRb668HB7QDxT1vkpuUBtqc53YyAwMwGeUFKRojY/NWKvdZ+9UYtRfGmhqNbRkTSVpMbmyhXipFFv2cb/A==}
    engines: {node: '>= 12'}

  debug@4.4.3:
    resolution: {integrity: sha512-RGwwWnwQvkVfavKVt22FGLw+xYSdzARwm0ru6DhTVA3umU5hZc28V3kO4stgYryrTlLpuvgI9GiijltAjNbcqA==}
    engines: {node: '>=6.0'}
    peerDependencies:
      supports-color: '*'
    peerDependenciesMeta:
      supports-color:
        optional: true

  end-of-stream@1.4.5:
    resolution: {integrity: sha512-ooEGc6HP26xXq/N+GCGOT0JKCLDGrq2bQUZrQ7gyrJiZANJ/8YDTxTpQBXGMn+WbIQXNVpyWymm7KYVICQnyOg==}

  extract-zip@2.0.1:
    resolution: {integrity: sha512-GDhU9ntwuKyGXdZBUgTIe+vXnWj0fppUEtMDL0+idd5Sta8TGpHssn/eusA9mrPr9qNDym6SxAYZjNvCn/9RBg==}
    engines: {node: '>= 10.17.0'}
    hasBin: true

  fd-slicer@1.1.0:
    resolution: {integrity: sha512-cE1qsB/VwyQozZ+q1dGxR8LBYNZeofhEdUNGSMbQD3Gw2lAzX9Zb3uIU6Ebc/Fmyjo9AWWfnn0AUCHqtevs/8g==}

  fetch-blob@3.2.0:
    resolution: {integrity: sha512-7yAQpD2UMJzLi1Dqv7qFYnPbaPx7ZfFK6PiIxQ4PfkGPyNyl2Ugx+a/umUonmKqjhM4DnfbMvdX6otXq83soQQ==}
    engines: {node: ^12.20 || >= 14.13}

  formdata-polyfill@4.0.10:
    resolution: {integrity: sha512-buewHzMvYL29jdeQTVILecSaZKnt/RJWjoZCF5OW60Z67/GmSLBkOFM7qh1PI3zFNtJbaZL5eQu1vLfazOwj4g==}
    engines: {node: '>=12.20.0'}

  get-stream@5.2.0:
    resolution: {integrity: sha512-nBF+F1rAZVCu/p7rjzgA+Yb4lfYXrpl7a6VmJrU8wF9I1CKvP/QwPNZHnOlwbTkY6dvtFIzFMSyQXbLoTQPRpA==}
    engines: {node: '>=8'}

  js-tokens@4.0.0:
    resolution: {integrity: sha512-RdJUflcE3cUzKiMqQgsCu06FPu9UdIJO0beYbPhHN4k6apgJtifcoCtT9bcxOpYBtpD2kCM6Sbzg4CausW/PKQ==}

  jsesc@3.1.0:
    resolution: {integrity: sha512-/sM3dO2FOzXjKQhJuo0Q173wf2KOo8t4I8vHy6lF9poUp7bKT0/NHE8fPX23PwfhnykfqnC2xRxOnVw5XuGIaA==}
    engines: {node: '>=6'}
    hasBin: true

  just-install@2.0.2:
    resolution: {integrity: sha512-zH6aon3V2P8ZbD+njaMB/orHsOyFMgONSpxKtbovNu7Bhb1rD9qhnMkT2Nj91++b9GgqHNbozhUdIMxecmWJaw==}
    engines: {node: '>=18.0'}
    hasBin: true

  ms@2.1.3:
    resolution: {integrity: sha512-6FlzubTLZG3J2a/NVCAleEhjzq5oxgHyaCU9yYXvcLsvoVaHJq/s5xXI6/XXP6tz7R9xAOtHnSO/tXtF3WRTlA==}

  node-domexception@1.0.0:
    resolution: {integrity: sha512-/jKZoMpw0F8GRwl4/eLROPA3cfcXtLApP0QzLmUT/HuPCZWyB7IY9ZrMeKw2O/nFIqPQB3PVM9aYm0F312AXDQ==}
    engines: {node: '>=10.5.0'}
    deprecated: Use your platform's native DOMException instead

  node-fetch@3.3.2:
    resolution: {integrity: sha512-dRB78srN/l6gqWulah9SrxeYnxeddIG30+GOqK/9OlLVyLg3HPnr6SqOWTWOXKRwC2eGYCkZ59NNuSgvSrpgOA==}
    engines: {node: ^12.20.0 || ^14.13.1 || >=16.0.0}

  once@1.4.0:
    resolution: {integrity: sha512-lNaJgI+2Q5URQBkccEKHTQOPaXdUxnZZElQTZY0MFUAuaEqe1E+Nyvgdz/aIyNi6Z9MzO5dv1H8n58/GELp3+w==}

  pend@1.2.0:
    resolution: {integrity: sha512-F3asv42UuXchdzt+xXqfW1OGlVBe+mxa2mqI0pg5yAHZPvFmY3Y6drSf/GQ1A86WgWEN9Kzh/WrgKa6iGcHXLg==}

  picocolors@1.1.1:
    resolution: {integrity: sha512-xceH2snhtb5M9liqDsmEw56le376mTZkEX/jEb/RxNFyegNul7eNslCXP9FDj/Lcu0X8KEyMceP2ntpaHrDEVA==}

  prettier@3.6.2:
    resolution: {integrity: sha512-I7AIg5boAr5R0FFtJ6rCfD+LFsWHp81dolrFD8S79U9tb8Az2nGrJncnMSnys+bpQJfRUzqs9hnA81OAA3hCuQ==}
    engines: {node: '>=14'}
    hasBin: true

  pump@3.0.3:
    resolution: {integrity: sha512-todwxLMY7/heScKmntwQG8CXVkWUOdYxIvY2s0VWAAMh/nd8SoYiRaKjlr7+iCs984f2P8zvrfWcDDYVb73NfA==}

  semver@7.7.3:
    resolution: {integrity: sha512-SdsKMrI9TdgjdweUSR9MweHA4EJ8YxHn8DFaDisvhVlUOe4BF1tLD7GAj0lIqWVl+dPb/rExr0Btby5loQm20Q==}
    engines: {node: '>=10'}
    hasBin: true

  typescript@5.9.3:
    resolution: {integrity: sha512-jl1vZzPDinLr9eUt3J/t7V6FgNEw9QjvBPdysz9KfQDD41fQrC2Y4vKQdiaUpFT4bXlb1RHhLpp8wtm6M5TgSw==}
    engines: {node: '>=14.17'}
    hasBin: true

  undici-types@7.16.0:
    resolution: {integrity: sha512-Zz+aZWSj8LE6zoxD+xrjh4VfkIG8Ya6LvYkZqtUQGJPZjYl53ypCaUwWqo7eI0x66KBGeRo+mlBEkMSeSZ38Nw==}

  web-streams-polyfill@3.3.3:
    resolution: {integrity: sha512-d2JWLCivmZYTSIoge9MsgFCZrt571BikcWGYkjC1khllbTeDlGqZ2D8vD8E/lJa8WGWbb7Plm8/XJYV7IJHZZw==}
    engines: {node: '>= 8'}

  wrappy@1.0.2:
    resolution: {integrity: sha512-l4Sp/DRseor9wL6EvV2+TuQn63dMkPjZ/sp9XkghTEbV9KlPS1xUsZ3u7/IQO4wxtcFB4bgpQPRcR3QCvezPcQ==}

  yauzl@2.10.0:
    resolution: {integrity: sha512-p4a9I6X6nu6IhoGmBqAcbJy1mlC4j27vEPZX9F4L4/vZT3Lyq1VkFHw/V/PUcB9Buo+DG3iHkT0x3Qya58zc3g==}

snapshots:

  '@babel/code-frame@7.27.1':
    dependencies:
      '@babel/helper-validator-identifier': 7.28.5
      js-tokens: 4.0.0
      picocolors: 1.1.1

  '@babel/generator@7.28.5':
    dependencies:
      '@babel/parser': 7.28.5
      '@babel/types': 7.28.5
      '@jridgewell/gen-mapping': 0.3.13
      '@jridgewell/trace-mapping': 0.3.31
      jsesc: 3.1.0

  '@babel/helper-globals@7.28.0': {}

  '@babel/helper-string-parser@7.27.1': {}

  '@babel/helper-validator-identifier@7.28.5': {}

  '@babel/parser@7.28.5':
    dependencies:
      '@babel/types': 7.28.5

  '@babel/template@7.27.2':
    dependencies:
      '@babel/code-frame': 7.27.1
      '@babel/parser': 7.28.5
      '@babel/types': 7.28.5

  '@babel/traverse@7.28.5':
    dependencies:
      '@babel/code-frame': 7.27.1
      '@babel/generator': 7.28.5
      '@babel/helper-globals': 7.28.0
      '@babel/parser': 7.28.5
      '@babel/template': 7.27.2
      '@babel/types': 7.28.5
      debug: 4.4.3
    transitivePeerDependencies:
      - supports-color

  '@babel/types@7.28.5':
    dependencies:
      '@babel/helper-string-parser': 7.27.1
      '@babel/helper-validator-identifier': 7.28.5

  '@ianvs/prettier-plugin-sort-imports@4.7.0(prettier@3.6.2)':
    dependencies:
      '@babel/generator': 7.28.5
      '@babel/parser': 7.28.5
      '@babel/traverse': 7.28.5
      '@babel/types': 7.28.5
      prettier: 3.6.2
      semver: 7.7.3
    transitivePeerDependencies:
      - supports-color

  '@jridgewell/gen-mapping@0.3.13':
    dependencies:
      '@jridgewell/sourcemap-codec': 1.5.5
      '@jridgewell/trace-mapping': 0.3.31

  '@jridgewell/resolve-uri@3.1.2': {}

  '@jridgewell/sourcemap-codec@1.5.5': {}

  '@jridgewell/trace-mapping@0.3.31':
    dependencies:
      '@jridgewell/resolve-uri': 3.1.2
      '@jridgewell/sourcemap-codec': 1.5.5

  '@oven/bun-darwin-aarch64@1.3.2':
    optional: true

  '@oven/bun-darwin-x64-baseline@1.3.2':
    optional: true

  '@oven/bun-darwin-x64@1.3.2':
    optional: true

  '@oven/bun-linux-aarch64-musl@1.3.2':
    optional: true

  '@oven/bun-linux-aarch64@1.3.2':
    optional: true

  '@oven/bun-linux-x64-baseline@1.3.2':
    optional: true

  '@oven/bun-linux-x64-musl-baseline@1.3.2':
    optional: true

  '@oven/bun-linux-x64-musl@1.3.2':
    optional: true

  '@oven/bun-linux-x64@1.3.2':
    optional: true

  '@oven/bun-windows-x64-baseline@1.3.2':
    optional: true

  '@oven/bun-windows-x64@1.3.2':
    optional: true

  '@types/bun@1.3.2(@types/react@19.2.5)':
    dependencies:
      bun-types: 1.3.2(@types/react@19.2.5)
    transitivePeerDependencies:
      - '@types/react'

  '@types/node@24.10.1':
    dependencies:
      undici-types: 7.16.0

  '@types/react@19.2.5':
    dependencies:
      csstype: 3.2.2

  '@types/yauzl@2.10.3':
    dependencies:
      '@types/node': 24.10.1
    optional: true

  '@uniquedivine/bash@0.0.2(typescript@5.9.3)':
    dependencies:
      bun: 1.3.2
      typescript: 5.9.3

  '@uniquedivine/jiyuu@0.0.2(typescript@5.9.3)':
    dependencies:
      typescript: 5.9.3

  buffer-crc32@0.2.13: {}

  bun-types@1.3.2(@types/react@19.2.5):
    dependencies:
      '@types/node': 24.10.1
      '@types/react': 19.2.5

  bun@1.3.2:
    optionalDependencies:
      '@oven/bun-darwin-aarch64': 1.3.2
      '@oven/bun-darwin-x64': 1.3.2
      '@oven/bun-darwin-x64-baseline': 1.3.2
      '@oven/bun-linux-aarch64': 1.3.2
      '@oven/bun-linux-aarch64-musl': 1.3.2
      '@oven/bun-linux-x64': 1.3.2
      '@oven/bun-linux-x64-baseline': 1.3.2
      '@oven/bun-linux-x64-musl': 1.3.2
      '@oven/bun-linux-x64-musl-baseline': 1.3.2
      '@oven/bun-windows-x64': 1.3.2
      '@oven/bun-windows-x64-baseline': 1.3.2

  csstype@3.2.2: {}

  data-uri-to-buffer@4.0.1: {}

  debug@4.4.3:
    dependencies:
      ms: 2.1.3

  end-of-stream@1.4.5:
    dependencies:
      once: 1.4.0

  extract-zip@2.0.1:
    dependencies:
      debug: 4.4.3
      get-stream: 5.2.0
      yauzl: 2.10.0
    optionalDependencies:
      '@types/yauzl': 2.10.3
    transitivePeerDependencies:
      - supports-color

  fd-slicer@1.1.0:
    dependencies:
      pend: 1.2.0

  fetch-blob@3.2.0:
    dependencies:
      node-domexception: 1.0.0
      web-streams-polyfill: 3.3.3

  formdata-polyfill@4.0.10:
    dependencies:
      fetch-blob: 3.2.0

  get-stream@5.2.0:
    dependencies:
      pump: 3.0.3

  js-tokens@4.0.0: {}

  jsesc@3.1.0: {}

  just-install@2.0.2:
    dependencies:
      extract-zip: 2.0.1
      node-fetch: 3.3.2
    transitivePeerDependencies:
      - supports-color

  ms@2.1.3: {}

  node-domexception@1.0.0: {}

  node-fetch@3.3.2:
    dependencies:
      data-uri-to-buffer: 4.0.1
      fetch-blob: 3.2.0
      formdata-polyfill: 4.0.10

  once@1.4.0:
    dependencies:
      wrappy: 1.0.2

  pend@1.2.0: {}

  picocolors@1.1.1: {}

  prettier@3.6.2: {}

  pump@3.0.3:
    dependencies:
      end-of-stream: 1.4.5
      once: 1.4.0

  semver@7.7.3: {}

  typescript@5.9.3: {}

  undici-types@7.16.0: {}

  web-streams-polyfill@3.3.3: {}

  wrappy@1.0.2: {}

  yauzl@2.10.0:
    dependencies:
      buffer-crc32: 0.2.13
      fd-slicer: 1.1.0
